
Microsoft Visual Studio Solution File, Format Version 11.00
# Visual Studio 2010
Project("{FAE04EC0-301F-11D3-BF4B-00C04F79EFBC}") = "MyLib", "MyLib\MyLib.csproj", "{1CA28353-C3FF-4AF1-8A18-5BECA03FA950}"
EndProject
Global
	GlobalSection(SolutionConfigurationPlatforms) = preSolution
		Debug|Any CPU = Debug|Any CPU
		Release|Any CPU = Release|Any CPU
	EndGlobalSection
	GlobalSection(ProjectConfigurationPlatforms) = postSolution
		{1CA28353-C3FF-4AF1-8A18-5BECA03FA950}.Debug|Any CPU.ActiveCfg = Debug|Any CPU
		{1CA28353-C3FF-4AF1-8A18-5BECA03FA950}.Debug|Any CPU.Build.0 = Debug|Any CPU
		{1CA28353-C3FF-4AF1-8A18-5BECA03FA950}.Release|Any CPU.ActiveCfg = Release|Any CPU
		{1CA28353-C3FF-4AF1-8A18-5BECA03FA950}.Release|Any CPU.Build.0 = Release|Any CPU
	EndGlobalSection
	GlobalSection(MonoDevelopProperties) = preSolution
		StartupItem = MyLib\MyLib.csproj
	EndGlobalSection
EndGlobal
